// !$*UTF8*$!
{
	archiveVersion = 1;
	classes = {
	};
	objectVersion = 56;
	objects = {

/* Begin PBXBuildFile section */
		6E66ED002B0D272700FC1E5F /* CollectionTableViewCell.swift in Sources */ = {isa = PBXBuildFile; fileRef = 6E66ECFE2B0D272700FC1E5F /* CollectionTableViewCell.swift */; };
		6E66ED012B0D272700FC1E5F /* CollectionTableViewCell.xib in Resources */ = {isa = PBXBuildFile; fileRef = 6E66ECFF2B0D272700FC1E5F /* CollectionTableViewCell.xib */; };
		6E66ED062B0D276700FC1E5F /* MyCollectionViewCell.swift in Sources */ = {isa = PBXBuildFile; fileRef = 6E66ED042B0D276700FC1E5F /* MyCollectionViewCell.swift */; };
		6E66ED072B0D276700FC1E5F /* MyCollectionViewCell.xib in Resources */ = {isa = PBXBuildFile; fileRef = 6E66ED052B0D276700FC1E5F /* MyCollectionViewCell.xib */; };
		6EDD2A062B03ECDA00D274BA /* AppDelegate.swift in Sources */ = {isa = PBXBuildFile; fileRef = 6EDD2A052B03ECDA00D274BA /* AppDelegate.swift */; };
		6EDD2A082B03ECDA00D274BA /* SceneDelegate.swift in Sources */ = {isa = PBXBuildFile; fileRef = 6EDD2A072B03ECDA00D274BA /* SceneDelegate.swift */; };
		6EDD2A0A2B03ECDA00D274BA /* ViewController.swift in Sources */ = {isa = PBXBuildFile; fileRef = 6EDD2A092B03ECDA00D274BA /* ViewController.swift */; };
		6EDD2A0D2B03ECDA00D274BA /* Main.storyboard in Resources */ = {isa = PBXBuildFile; fileRef = 6EDD2A0B2B03ECDA00D274BA /* Main.storyboard */; };
		6EDD2A102B03ECDA00D274BA /* TangApp.xcdatamodeld in Sources */ = {isa = PBXBuildFile; fileRef = 6EDD2A0E2B03ECDA00D274BA /* TangApp.xcdatamodeld */; };
		6EDD2A122B03ECDC00D274BA /* Assets.xcassets in Resources */ = {isa = PBXBuildFile; fileRef = 6EDD2A112B03ECDC00D274BA /* Assets.xcassets */; };
		6EDD2A152B03ECDC00D274BA /* LaunchScreen.storyboard in Resources */ = {isa = PBXBuildFile; fileRef = 6EDD2A132B03ECDC00D274BA /* LaunchScreen.storyboard */; };
/* End PBXBuildFile section */

/* Begin PBXFileReference section */
		6E66ECFE2B0D272700FC1E5F /* CollectionTableViewCell.swift */ = {isa = PBXFileReference; lastKnownFileType = sourcecode.swift; path = CollectionTableViewCell.swift; sourceTree = "<group>"; };
		6E66ECFF2B0D272700FC1E5F /* CollectionTableViewCell.xib */ = {isa = PBXFileReference; lastKnownFileType = file.xib; path = CollectionTableViewCell.xib; sourceTree = "<group>"; };
		6E66ED042B0D276700FC1E5F /* MyCollectionViewCell.swift */ = {isa = PBXFileReference; lastKnownFileType = sourcecode.swift; path = MyCollectionViewCell.swift; sourceTree = "<group>"; };
		6E66ED052B0D276700FC1E5F /* MyCollectionViewCell.xib */ = {isa = PBXFileReference; lastKnownFileType = file.xib; path = MyCollectionViewCell.xib; sourceTree = "<group>"; };
		6EDD2A022B03ECDA00D274BA /* TangApp.app */ = {isa = PBXFileReference; explicitFileType = wrapper.application; includeInIndex = 0; path = TangApp.app; sourceTree = BUILT_PRODUCTS_DIR; };
		6EDD2A052B03ECDA00D274BA /* AppDelegate.swift */ = {isa = PBXFileReference; lastKnownFileType = sourcecode.swift; path = AppDelegate.swift; sourceTree = "<group>"; };
		6EDD2A072B03ECDA00D274BA /* SceneDelegate.swift */ = {isa = PBXFileReference; lastKnownFileType = sourcecode.swift; path = SceneDelegate.swift; sourceTree = "<group>"; };
		6EDD2A092B03ECDA00D274BA /* ViewController.swift */ = {isa = PBXFileReference; lastKnownFileType = sourcecode.swift; path = ViewController.swift; sourceTree = "<group>"; };
		6EDD2A0C2B03ECDA00D274BA /* Base */ = {isa = PBXFileReference; lastKnownFileType = file.storyboard; name = Base; path = Base.lproj/Main.storyboard; sourceTree = "<group>"; };
		6EDD2A0F2B03ECDA00D274BA /* TangApp.xcdatamodel */ = {isa = PBXFileReference; lastKnownFileType = wrapper.xcdatamodel; path = TangApp.xcdatamodel; sourceTree = "<group>"; };
		6EDD2A112B03ECDC00D274BA /* Assets.xcassets */ = {isa = PBXFileReference; lastKnownFileType = folder.assetcatalog; path = Assets.xcassets; sourceTree = "<group>"; };
		6EDD2A142B03ECDC00D274BA /* Base */ = {isa = PBXFileReference; lastKnownFileType = file.storyboard; name = Base; path = Base.lproj/LaunchScreen.storyboard; sourceTree = "<group>"; };
		6EDD2A162B03ECDC00D274BA /* Info.plist */ = {isa = PBXFileReference; lastKnownFileType = text.plist.xml; path = Info.plist; sourceTree = "<group>"; };
/* End PBXFileReference section */

/* Begin PBXFrameworksBuildPhase section */
		6EDD29FF2B03ECDA00D274BA /* Frameworks */ = {
			isa = PBXFrameworksBuildPhase;
			buildActionMask = 2147483647;
			files = (
			);
			runOnlyForDeploymentPostprocessing = 0;
		};
/* End PBXFrameworksBuildPhase section */

/* Begin PBXGroup section */
		6E66ECFC2B0D26D300FC1E5F /* Table Cell */ = {
			isa = PBXGroup;
			children = (
				6E66ECFE2B0D272700FC1E5F /* CollectionTableViewCell.swift */,
				6E66ECFF2B0D272700FC1E5F /* CollectionTableViewCell.xib */,
			);
			path = "Table Cell";
			sourceTree = "<group>";
		};
		6E66ECFD2B0D26E100FC1E5F /* Collection Cell  */ = {
			isa = PBXGroup;
			children = (
				6E66ED042B0D276700FC1E5F /* MyCollectionViewCell.swift */,
				6E66ED052B0D276700FC1E5F /* MyCollectionViewCell.xib */,
			);
			path = "Collection Cell ";
			sourceTree = "<group>";
		};
		6EDD29F92B03ECDA00D274BA = {
			isa = PBXGroup;
			children = (
				6EDD2A042B03ECDA00D274BA /* TangApp */,
				6EDD2A0E2B03ECDA00D274BA /* TangApp.xcdatamodeld */,
				6EDD2A032B03ECDA00D274BA /* Products */,
			);
			sourceTree = "<group>";
		};
		6EDD2A032B03ECDA00D274BA /* Products */ = {
			isa = PBXGroup;
			children = (
				6EDD2A022B03ECDA00D274BA /* TangApp.app */,
			);
			name = Products;
			sourceTree = "<group>";
		};
		6EDD2A042B03ECDA00D274BA /* TangApp */ = {
			isa = PBXGroup;
			children = (
				6E66ECFD2B0D26E100FC1E5F /* Collection Cell  */,
				6E66ECFC2B0D26D300FC1E5F /* Table Cell */,
				6EDD2A052B03ECDA00D274BA /* AppDelegate.swift */,
				6EDD2A072B03ECDA00D274BA /* SceneDelegate.swift */,
				6EDD2A092B03ECDA00D274BA /* ViewController.swift */,
				6EDD2A0B2B03ECDA00D274BA /* Main.storyboard */,
				6EDD2A112B03ECDC00D274BA /* Assets.xcassets */,
				6EDD2A132B03ECDC00D274BA /* LaunchScreen.storyboard */,
				6EDD2A162B03ECDC00D274BA /* Info.plist */,
			);
			path = TangApp;
			sourceTree = "<group>";
		};
/* End PBXGroup section */

/* Begin PBXNativeTarget section */
		6EDD2A012B03ECDA00D274BA /* TangApp */ = {
			isa = PBXNativeTarget;
			buildConfigurationList = 6EDD2A192B03ECDC00D274BA /* Build configuration list for PBXNativeTarget "TangApp" */;
			buildPhases = (
				6EDD29FE2B03ECDA00D274BA /* Sources */,
				6EDD29FF2B03ECDA00D274BA /* Frameworks */,
				6EDD2A002B03ECDA00D274BA /* Resources */,
			);
			buildRules = (
			);
			dependencies = (
			);
			name = TangApp;
			productName = TangApp;
			productReference = 6EDD2A022B03ECDA00D274BA /* TangApp.app */;
			productType = "com.apple.product-type.application";
		};
/* End PBXNativeTarget section */

/* Begin PBXProject section */
		6EDD29FA2B03ECDA00D274BA /* Project object */ = {
			isa = PBXProject;
			attributes = {
				BuildIndependentTargetsInParallel = 1;
				LastSwiftUpdateCheck = 1500;
				LastUpgradeCheck = 1500;
				TargetAttributes = {
					6EDD2A012B03ECDA00D274BA = {
						CreatedOnToolsVersion = 15.0.1;
					};
				};
			};
			buildConfigurationList = 6EDD29FD2B03ECDA00D274BA /* Build configuration list for PBXProject "TangApp" */;
			compatibilityVersion = "Xcode 14.0";
			developmentRegion = en;
			hasScannedForEncodings = 0;
			knownRegions = (
				en,
				Base,
			);
			mainGroup = 6EDD29F92B03ECDA00D274BA;
			productRefGroup = 6EDD2A032B03ECDA00D274BA /* Products */;
			projectDirPath = "";
			projectRoot = "";
			targets = (
				6EDD2A012B03ECDA00D274BA /* TangApp */,
			);
		};
/* End PBXProject section */

/* Begin PBXResourcesBuildPhase section */
		6EDD2A002B03ECDA00D274BA /* Resources */ = {
			isa = PBXResourcesBuildPhase;
			buildActionMask = 2147483647;
			files = (
				6E66ED072B0D276700FC1E5F /* MyCollectionViewCell.xib in Resources */,
				6EDD2A152B03ECDC00D274BA /* LaunchScreen.storyboard in Resources */,
				6EDD2A122B03ECDC00D274BA /* Assets.xcassets in Resources */,
				6EDD2A0D2B03ECDA00D274BA /* Main.storyboard in Resources */,
				6E66ED012B0D272700FC1E5F /* CollectionTableViewCell.xib in Resources */,
			);
			runOnlyForDeploymentPostprocessing = 0;
		};
/* End PBXResourcesBuildPhase section */

/* Begin PBXSourcesBuildPhase section */
		6EDD29FE2B03ECDA00D274BA /* Sources */ = {
			isa = PBXSourcesBuildPhase;
			buildActionMask = 2147483647;
			files = (
				6E66ED002B0D272700FC1E5F /* CollectionTableViewCell.swift in Sources */,
				6EDD2A0A2B03ECDA00D274BA /* ViewController.swift in Sources */,
				6E66ED062B0D276700FC1E5F /* MyCollectionViewCell.swift in Sources */,
				6EDD2A062B03ECDA00D274BA /* AppDelegate.swift in Sources */,
				6EDD2A082B03ECDA00D274BA /* SceneDelegate.swift in Sources */,
				6EDD2A102B03ECDA00D274BA /* TangApp.xcdatamodeld in Sources */,
			);
			runOnlyForDeploymentPostprocessing = 0;
		};
/* End PBXSourcesBuildPhase section */

/* Begin PBXVariantGroup section */
		6EDD2A0B2B03ECDA00D274BA /* Main.storyboard */ = {
			isa = PBXVariantGroup;
			children = (
				6EDD2A0C2B03ECDA00D274BA /* Base */,
			);
			name = Main.storyboard;
			sourceTree = "<group>";
		};
		6EDD2A132B03ECDC00D274BA /* LaunchScreen.storyboard */ = {
			isa = PBXVariantGroup;
			children = (
				6EDD2A142B03ECDC00D274BA /* Base */,
			);
			name = LaunchScreen.storyboard;
			sourceTree = "<group>";
		};
/* End PBXVariantGroup section */

/* Begin XCBuildConfiguration section */
		6EDD2A172B03ECDC00D274BA /* Debug */ = {
			isa = XCBuildConfiguration;
			buildSettings = {
				ALWAYS_SEARCH_USER_PATHS = NO;
				ASSETCATALOG_COMPILER_GENERATE_SWIFT_ASSET_SYMBOL_EXTENSIONS = YES;
				CLANG_ANALYZER_NONNULL = YES;
				CLANG_ANALYZER_NUMBER_OBJECT_CONVERSION = YES_AGGRESSIVE;
				CLANG_CXX_LANGUAGE_STANDARD = "gnu++20";
				CLANG_ENABLE_MODULES = YES;
				CLANG_ENABLE_OBJC_ARC = YES;
				CLANG_ENABLE_OBJC_WEAK = YES;
				CLANG_WARN_BLOCK_CAPTURE_AUTORELEASING = YES;
				CLANG_WARN_BOOL_CONVERSION = YES;
				CLANG_WARN_COMMA = YES;
				CLANG_WARN_CONSTANT_CONVERSION = YES;
				CLANG_WARN_DEPRECATED_OBJC_IMPLEMENTATIONS = YES;
				CLANG_WARN_DIRECT_OBJC_ISA_USAGE = YES_ERROR;
				CLANG_WARN_DOCUMENTATION_COMMENTS = YES;
				CLANG_WARN_EMPTY_BODY = YES;
				CLANG_WARN_ENUM_CONVERSION = YES;
				CLANG_WARN_INFINITE_RECURSION = YES;
				CLANG_WARN_INT_CONVERSION = YES;
				CLANG_WARN_NON_LITERAL_NULL_CONVERSION = YES;
				CLANG_WARN_OBJC_IMPLICIT_RETAIN_SELF = YES;
				CLANG_WARN_OBJC_LITERAL_CONVERSION = YES;
				CLANG_WARN_OBJC_ROOT_CLASS = YES_ERROR;
				CLANG_WARN_QUOTED_INCLUDE_IN_FRAMEWORK_HEADER = YES;
				CLANG_WARN_RANGE_LOOP_ANALYSIS = YES;
				CLANG_WARN_STRICT_PROTOTYPES = YES;
				CLANG_WARN_SUSPICIOUS_MOVE = YES;
				CLANG_WARN_UNGUARDED_AVAILABILITY = YES_AGGRESSIVE;
				CLANG_WARN_UNREACHABLE_CODE = YES;
				CLANG_WARN__DUPLICATE_METHOD_MATCH = YES;
				COPY_PHASE_STRIP = NO;
				DEBUG_INFORMATION_FORMAT = dwarf;
				ENABLE_STRICT_OBJC_MSGSEND = YES;
				ENABLE_TESTABILITY = YES;
				ENABLE_USER_SCRIPT_SANDBOXING = YES;
				GCC_C_LANGUAGE_STANDARD = gnu17;
				GCC_DYNAMIC_NO_PIC = NO;
				GCC_NO_COMMON_BLOCKS = YES;
				GCC_OPTIMIZATION_LEVEL = 0;
				GCC_PREPROCESSOR_DEFINITIONS = (
					"DEBUG=1",
					"$(inherited)",
				);
				GCC_WARN_64_TO_32_BIT_CONVERSION = YES;
				GCC_WARN_ABOUT_RETURN_TYPE = YES_ERROR;
				GCC_WARN_UNDECLARED_SELECTOR = YES;
				GCC_WARN_UNINITIALIZED_AUTOS = YES_AGGRESSIVE;
				GCC_WARN_UNUSED_FUNCTION = YES;
				GCC_WARN_UNUSED_VARIABLE = YES;
				IPHONEOS_DEPLOYMENT_TARGET = 17.0;
				LOCALIZATION_PREFERS_STRING_CATALOGS = YES;
				MTL_ENABLE_DEBUG_INFO = INCLUDE_SOURCE;
				MTL_FAST_MATH = YES;
				ONLY_ACTIVE_ARCH = YES;
				SDKROOT = iphoneos;
				SWIFT_ACTIVE_COMPILATION_CONDITIONS = "DEBUG $(inherited)";
				SWIFT_OPTIMIZATION_LEVEL = "-Onone";
			};
			name = Debug;
		};
		6EDD2A182B03ECDC00D274BA /* Release */ = {
			isa = XCBuildConfiguration;
			buildSettings = {
				ALWAYS_SEARCH_USER_PATHS = NO;
				ASSETCATALOG_COMPILER_GENERATE_SWIFT_ASSET_SYMBOL_EXTENSIONS = YES;
				CLANG_ANALYZER_NONNULL = YES;
				CLANG_ANALYZER_NUMBER_OBJECT_CONVERSION = YES_AGGRESSIVE;
				CLANG_CXX_LANGUAGE_STANDARD = "gnu++20";
				CLANG_ENABLE_MODULES = YES;
				CLANG_ENABLE_OBJC_ARC = YES;
				CLANG_ENABLE_OBJC_WEAK = YES;
				CLANG_WARN_BLOCK_CAPTURE_AUTORELEASING = YES;
				CLANG_WARN_BOOL_CONVERSION = YES;
				CLANG_WARN_COMMA = YES;
				CLANG_WARN_CONSTANT_CONVERSION = YES;
				CLANG_WARN_DEPRECATED_OBJC_IMPLEMENTATIONS = YES;
				CLANG_WARN_DIRECT_OBJC_ISA_USAGE = YES_ERROR;
				CLANG_WARN_DOCUMENTATION_COMMENTS = YES;
				CLANG_WARN_EMPTY_BODY = YES;
				CLANG_WARN_ENUM_CONVERSION = YES;
				CLANG_WARN_INFINITE_RECURSION = YES;
				CLANG_WARN_INT_CONVERSION = YES;
				CLANG_WARN_NON_LITERAL_NULL_CONVERSION = YES;
				CLANG_WARN_OBJC_IMPLICIT_RETAIN_SELF = YES;
				CLANG_WARN_OBJC_LITERAL_CONVERSION = YES;
				CLANG_WARN_OBJC_ROOT_CLASS = YES_ERROR;
				CLANG_WARN_QUOTED_INCLUDE_IN_FRAMEWORK_HEADER = YES;
				CLANG_WARN_RANGE_LOOP_ANALYSIS = YES;
				CLANG_WARN_STRICT_PROTOTYPES = YES;
				CLANG_WARN_SUSPICIOUS_MOVE = YES;
				CLANG_WARN_UNGUARDED_AVAILABILITY = YES_AGGRESSIVE;
				CLANG_WARN_UNREACHABLE_CODE = YES;
				CLANG_WARN__DUPLICATE_METHOD_MATCH = YES;
				COPY_PHASE_STRIP = NO;
				DEBUG_INFORMATION_FORMAT = "dwarf-with-dsym";
				ENABLE_NS_ASSERTIONS = NO;
				ENABLE_STRICT_OBJC_MSGSEND = YES;
				ENABLE_USER_SCRIPT_SANDBOXING = YES;
				GCC_C_LANGUAGE_STANDARD = gnu17;
				GCC_NO_COMMON_BLOCKS = YES;
				GCC_WARN_64_TO_32_BIT_CONVERSION = YES;
				GCC_WARN_ABOUT_RETURN_TYPE = YES_ERROR;
				GCC_WARN_UNDECLARED_SELECTOR = YES;
				GCC_WARN_UNINITIALIZED_AUTOS = YES_AGGRESSIVE;
				GCC_WARN_UNUSED_FUNCTION = YES;
				GCC_WARN_UNUSED_VARIABLE = YES;
				IPHONEOS_DEPLOYMENT_TARGET = 17.0;
				LOCALIZATION_PREFERS_STRING_CATALOGS = YES;
				MTL_ENABLE_DEBUG_INFO = NO;
				MTL_FAST_MATH = YES;
				SDKROOT = iphoneos;
				SWIFT_COMPILATION_MODE = wholemodule;
				VALIDATE_PRODUCT = YES;
			};
			name = Release;
		};
		6EDD2A1A2B03ECDC00D274BA /* Debug */ = {
			isa = XCBuildConfiguration;
			buildSettings = {
				ASSETCATALOG_COMPILER_APPICON_NAME = AppIcon;
				ASSETCATALOG_COMPILER_GLOBAL_ACCENT_COLOR_NAME = AccentColor;
				CODE_SIGN_STYLE = Automatic;
				CURRENT_PROJECT_VERSION = 1;
				DEVELOPMENT_TEAM = J5356ZUHYV;
				GENERATE_INFOPLIST_FILE = YES;
				INFOPLIST_FILE = TangApp/Info.plist;
				INFOPLIST_KEY_UIApplicationSupportsIndirectInputEvents = YES;
				INFOPLIST_KEY_UILaunchStoryboardName = LaunchScreen;
				INFOPLIST_KEY_UIMainStoryboardFile = Main;
				INFOPLIST_KEY_UISupportedInterfaceOrientations_iPad = "UIInterfaceOrientationPortrait UIInterfaceOrientationPortraitUpsideDown UIInterfaceOrientationLandscapeLeft UIInterfaceOrientationLandscapeRight";
				INFOPLIST_KEY_UISupportedInterfaceOrientations_iPhone = "UIInterfaceOrientationPortrait UIInterfaceOrientationLandscapeLeft UIInterfaceOrientationLandscapeRight";
				LD_RUNPATH_SEARCH_PATHS = (
					"$(inherited)",
					"@executable_path/Frameworks",
				);
				MARKETING_VERSION = 1.0;
				PRODUCT_BUNDLE_IDENTIFIER = SkidmoreCS.TangApp;
				PRODUCT_NAME = "$(TARGET_NAME)";
				SWIFT_EMIT_LOC_STRINGS = YES;
				SWIFT_VERSION = 5.0;
				TARGETED_DEVICE_FAMILY = "1,2";
			};
			name = Debug;
		};
		6EDD2A1B2B03ECDC00D274BA /* Release */ = {
			isa = XCBuildConfiguration;
			buildSettings = {
				ASSETCATALOG_COMPILER_APPICON_NAME = AppIcon;
				ASSETCATALOG_COMPILER_GLOBAL_ACCENT_COLOR_NAME = AccentColor;
				CODE_SIGN_STYLE = Automatic;
				CURRENT_PROJECT_VERSION = 1;
				DEVELOPMENT_TEAM = J5356ZUHYV;
				GENERATE_INFOPLIST_FILE = YES;
				INFOPLIST_FILE = TangApp/Info.plist;
				INFOPLIST_KEY_UIApplicationSupportsIndirectInputEvents = YES;
				INFOPLIST_KEY_UILaunchStoryboardName = LaunchScreen;
				INFOPLIST_KEY_UIMainStoryboardFile = Main;
				INFOPLIST_KEY_UISupportedInterfaceOrientations_iPad = "UIInterfaceOrientationPortrait UIInterfaceOrientationPortraitUpsideDown UIInterfaceOrientationLandscapeLeft UIInterfaceOrientationLandscapeRight";
				INFOPLIST_KEY_UISupportedInterfaceOrientations_iPhone = "UIInterfaceOrientationPortrait UIInterfaceOrientationLandscapeLeft UIInterfaceOrientationLandscapeRight";
				LD_RUNPATH_SEARCH_PATHS = (
					"$(inherited)",
					"@executable_path/Frameworks",
				);
				MARKETING_VERSION = 1.0;
				PRODUCT_BUNDLE_IDENTIFIER = SkidmoreCS.TangApp;
				PRODUCT_NAME = "$(TARGET_NAME)";
				SWIFT_EMIT_LOC_STRINGS = YES;
				SWIFT_VERSION = 5.0;
				TARGETED_DEVICE_FAMILY = "1,2";
			};
			name = Release;
		};
/* End XCBuildConfiguration section */

/* Begin XCConfigurationList section */
		6EDD29FD2B03ECDA00D274BA /* Build configuration list for PBXProject "TangApp" */ = {
			isa = XCConfigurationList;
			buildConfigurations = (
				6EDD2A172B03ECDC00D274BA /* Debug */,
				6EDD2A182B03ECDC00D274BA /* Release */,
			);
			defaultConfigurationIsVisible = 0;
			defaultConfigurationName = Release;
		};
		6EDD2A192B03ECDC00D274BA /* Build configuration list for PBXNativeTarget "TangApp" */ = {
			isa = XCConfigurationList;
			buildConfigurations = (
				6EDD2A1A2B03ECDC00D274BA /* Debug */,
				6EDD2A1B2B03ECDC00D274BA /* Release */,
			);
			defaultConfigurationIsVisible = 0;
			defaultConfigurationName = Release;
		};
/* End XCConfigurationList section */

/* Begin XCVersionGroup section */
		6EDD2A0E2B03ECDA00D274BA /* TangApp.xcdatamodeld */ = {
			isa = XCVersionGroup;
			children = (
				6EDD2A0F2B03ECDA00D274BA /* TangApp.xcdatamodel */,
			);
			currentVersion = 6EDD2A0F2B03ECDA00D274BA /* TangApp.xcdatamodel */;
			path = TangApp.xcdatamodeld;
			sourceTree = "<group>";
			versionGroupType = wrapper.xcdatamodel;
		};
/* End XCVersionGroup section */
	};
	rootObject = 6EDD29FA2B03ECDA00D274BA /* Project object */;
}
